{
  "version": 4,
  "terraform_version": "1.9.5",
  "serial": 251,
  "lineage": "2df9eb2f-34a7-c7ae-c9f0-c18fd9e994ea",
  "outputs": {},
  "resources": [
    {
      "module": "module.create_vpc",
      "mode": "managed",
      "type": "aws_vpc",
      "name": "public_blockchain_vpc",
      "provider": "provider[\"registry.terraform.io/hashicorp/aws\"]",
      "instances": [
        {
          "schema_version": 1,
          "attributes": {
            "arn": "arn:aws:ec2:us-east-1:767398065184:vpc/vpc-094c09199c591ed37",
            "assign_generated_ipv6_cidr_block": false,
            "cidr_block": "10.0.0.0/16",
            "default_network_acl_id": "acl-0f38f8d05e32dd10c",
            "default_route_table_id": "rtb-080a65680afd6501e",
            "default_security_group_id": "sg-01c04546f5dce7c43",
            "dhcp_options_id": "dopt-09635a6ed1d6e7513",
            "enable_dns_hostnames": false,
            "enable_dns_support": true,
            "enable_network_address_usage_metrics": false,
            "id": "vpc-094c09199c591ed37",
            "instance_tenancy": "default",
            "ipv4_ipam_pool_id": null,
            "ipv4_netmask_length": null,
            "ipv6_association_id": "",
            "ipv6_cidr_block": "",
            "ipv6_cidr_block_network_border_group": "",
            "ipv6_ipam_pool_id": "",
            "ipv6_netmask_length": 0,
            "main_route_table_id": "rtb-080a65680afd6501e",
            "owner_id": "767398065184",
            "tags": {
              "Name": "Public Chain VPC"
            },
            "tags_all": {
              "Name": "Public Chain VPC"
            }
          },
          "sensitive_attributes": [],
          "private": "eyJzY2hlbWFfdmVyc2lvbiI6IjEifQ=="
        }
      ]
    }
  ],
  "check_results": null
}
